
Microsoft Visual Studio Solution File, Format Version 12.00
# Visual Studio Version 17
VisualStudioVersion = 17.5.33424.131
MinimumVisualStudioVersion = 10.0.40219.1
Project("{FAE04EC0-301F-11D3-BF4B-00C04F79EFBC}") = "Calculator", "Calculator\Calculator.csproj", "{DA5AFA6E-BF2B-4F82-A1A6-0A59CED6997C}"
EndProject
Global
	GlobalSection(SolutionConfigurationPlatforms) = preSolution
		Debug|Any CPU = Debug|Any CPU
		Release|Any CPU = Release|Any CPU
	EndGlobalSection
	GlobalSection(ProjectConfigurationPlatforms) = postSolution
		{DA5AFA6E-BF2B-4F82-A1A6-0A59CED6997C}.Debug|Any CPU.ActiveCfg = Debug|Any CPU
		{DA5AFA6E-BF2B-4F82-A1A6-0A59CED6997C}.Debug|Any CPU.Build.0 = Debug|Any CPU
		{DA5AFA6E-BF2B-4F82-A1A6-0A59CED6997C}.Release|Any CPU.ActiveCfg = Release|Any CPU
		{DA5AFA6E-BF2B-4F82-A1A6-0A59CED6997C}.Release|Any CPU.Build.0 = Release|Any CPU
	EndGlobalSection
	GlobalSection(SolutionProperties) = preSolution
		HideSolutionNode = FALSE
	EndGlobalSection
	GlobalSection(ExtensibilityGlobals) = postSolution
		SolutionGuid = {51CD8356-1B01-4273-A957-C1AC99C03A2F}
	EndGlobalSection
EndGlobal
